
Microsoft Visual Studio Solution File, Format Version 12.00
# Visual Studio Version 17
VisualStudioVersion = 17.11.35327.3
MinimumVisualStudioVersion = 10.0.40219.1
Project("{FAE04EC0-301F-11D3-BF4B-00C04F79EFBC}") = "HelloWorld", "HelloWorld\HelloWorld.csproj", "{DBDB95E9-8E8C-412F-90BA-BCAA8C4314EC}"
EndProject
Project("{FAE04EC0-301F-11D3-BF4B-00C04F79EFBC}") = "HelloWorldExplicit", "HelloWorldExplicit\HelloWorldExplicit.csproj", "{B917E0A0-91B7-4BE0-9EA5-A63EB3484057}"
EndProject
Project("{FAE04EC0-301F-11D3-BF4B-00C04F79EFBC}") = "ConsoleInput", "ConsoleInput\ConsoleInput.csproj", "{FCC00874-5AD2-4755-B9E6-83183107A1A4}"
EndProject
Global
	GlobalSection(SolutionConfigurationPlatforms) = preSolution
		Debug|Any CPU = Debug|Any CPU
		Release|Any CPU = Release|Any CPU
	EndGlobalSection
	GlobalSection(ProjectConfigurationPlatforms) = postSolution
		{DBDB95E9-8E8C-412F-90BA-BCAA8C4314EC}.Debug|Any CPU.ActiveCfg = Debug|Any CPU
		{DBDB95E9-8E8C-412F-90BA-BCAA8C4314EC}.Debug|Any CPU.Build.0 = Debug|Any CPU
		{DBDB95E9-8E8C-412F-90BA-BCAA8C4314EC}.Release|Any CPU.ActiveCfg = Release|Any CPU
		{DBDB95E9-8E8C-412F-90BA-BCAA8C4314EC}.Release|Any CPU.Build.0 = Release|Any CPU
		{B917E0A0-91B7-4BE0-9EA5-A63EB3484057}.Debug|Any CPU.ActiveCfg = Debug|Any CPU
		{B917E0A0-91B7-4BE0-9EA5-A63EB3484057}.Debug|Any CPU.Build.0 = Debug|Any CPU
		{B917E0A0-91B7-4BE0-9EA5-A63EB3484057}.Release|Any CPU.ActiveCfg = Release|Any CPU
		{B917E0A0-91B7-4BE0-9EA5-A63EB3484057}.Release|Any CPU.Build.0 = Release|Any CPU
		{FCC00874-5AD2-4755-B9E6-83183107A1A4}.Debug|Any CPU.ActiveCfg = Debug|Any CPU
		{FCC00874-5AD2-4755-B9E6-83183107A1A4}.Debug|Any CPU.Build.0 = Debug|Any CPU
		{FCC00874-5AD2-4755-B9E6-83183107A1A4}.Release|Any CPU.ActiveCfg = Release|Any CPU
		{FCC00874-5AD2-4755-B9E6-83183107A1A4}.Release|Any CPU.Build.0 = Release|Any CPU
	EndGlobalSection
	GlobalSection(SolutionProperties) = preSolution
		HideSolutionNode = FALSE
	EndGlobalSection
	GlobalSection(ExtensibilityGlobals) = postSolution
		SolutionGuid = {EF979FC1-C162-4AA8-9536-D0ECF637FDBC}
	EndGlobalSection
EndGlobal
